
Microsoft Visual Studio Solution File, Format Version 12.00
# Visual Studio Version 17
VisualStudioVersion = 17.4.33110.190
MinimumVisualStudioVersion = 10.0.40219.1
Project("{FAE04EC0-301F-11D3-BF4B-00C04F79EFBC}") = "QLSV", "QLSV\QLSV.csproj", "{01DDA3F3-466A-415B-B4AD-1D5B8393598C}"
EndProject
Global
	GlobalSection(SolutionConfigurationPlatforms) = preSolution
		Debug|Any CPU = Debug|Any CPU
		Release|Any CPU = Release|Any CPU
	EndGlobalSection
	GlobalSection(ProjectConfigurationPlatforms) = postSolution
		{01DDA3F3-466A-415B-B4AD-1D5B8393598C}.Debug|Any CPU.ActiveCfg = Debug|Any CPU
		{01DDA3F3-466A-415B-B4AD-1D5B8393598C}.Debug|Any CPU.Build.0 = Debug|Any CPU
		{01DDA3F3-466A-415B-B4AD-1D5B8393598C}.Release|Any CPU.ActiveCfg = Release|Any CPU
		{01DDA3F3-466A-415B-B4AD-1D5B8393598C}.Release|Any CPU.Build.0 = Release|Any CPU
	EndGlobalSection
	GlobalSection(SolutionProperties) = preSolution
		HideSolutionNode = FALSE
	EndGlobalSection
	GlobalSection(ExtensibilityGlobals) = postSolution
		SolutionGuid = {E2AED8F4-8C3C-482F-82C2-02C528497F17}
	EndGlobalSection
EndGlobal
